<?xml version="1.0" encoding="utf-8"?>
<Project ToolsVersion="4.0" xmlns="http://schemas.microsoft.com/developer/msbuild/2003">
  <ItemGroup>
    <Filter Include="源文件">
      <UniqueIdentifier>{4FC737F1-C7A5-4376-A066-2A32D752A2FF}</UniqueIdentifier>
      <Extensions>cpp;c;cc;cxx;def;odl;idl;hpj;bat;asm;asmx</Extensions>
    </Filter>
    <Filter Include="头文件">
      <UniqueIdentifier>{93995380-89BD-4b04-88EB-625FBE52EBFB}</UniqueIdentifier>
      <Extensions>h;hh;hpp;hxx;hm;inl;inc;xsd</Extensions>
    </Filter>
    <Filter Include="资源文件">
      <UniqueIdentifier>{67DA6AB6-F800-4c08-8B7A-83BB121AAD01}</UniqueIdentifier>
      <Extensions>rc;ico;cur;bmp;dlg;rc2;rct;bin;rgs;gif;jpg;jpeg;jpe;resx;tiff;tif;png;wav;mfcribbon-ms</Extensions>
    </Filter>
    <Filter Include="源文件\UI">
      <UniqueIdentifier>{830ff81f-49f0-4264-a80f-81e72a9ce375}</UniqueIdentifier>
    </Filter>
    <Filter Include="源文件\UI\Control">
      <UniqueIdentifier>{fb10064e-33bf-418a-b92a-7582cee81062}</UniqueIdentifier>
    </Filter>
    <Filter Include="源文件\UI\Wnd">
      <UniqueIdentifier>{b1329346-5f4a-4add-82f0-9d6791a743ef}</UniqueIdentifier>
    </Filter>
    <Filter Include="源文件\Device">
      <UniqueIdentifier>{958e3b6f-222b-4802-b534-d38a66a3cacf}</UniqueIdentifier>
    </Filter>
    <Filter Include="源文件\File">
      <UniqueIdentifier>{6b123b33-a9ed-4336-905a-c0a8b6e0159f}</UniqueIdentifier>
    </Filter>
    <Filter Include="源文件\Pattern">
      <UniqueIdentifier>{d7a136c8-cbb9-4fec-830b-e9ce3ce29558}</UniqueIdentifier>
    </Filter>
    <Filter Include="源文件\Database">
      <UniqueIdentifier>{debeb815-edbd-4b0b-86d8-fd8475ee855f}</UniqueIdentifier>
    </Filter>
  </ItemGroup>
  <ItemGroup>
    <Text Include="ReadMe.txt" />
  </ItemGroup>
  <ItemGroup>
    <ClInclude Include="ColdEye.h">
      <Filter>头文件</Filter>
    </ClInclude>
    <ClInclude Include="stdafx.h">
      <Filter>头文件</Filter>
    </ClInclude>
    <ClInclude Include="targetver.h">
      <Filter>头文件</Filter>
    </ClInclude>
    <ClInclude Include="Resource.h">
      <Filter>头文件</Filter>
    </ClInclude>
    <ClInclude Include="UI\Control\UISurface.h">
      <Filter>源文件\UI\Control</Filter>
    </ClInclude>
    <ClInclude Include="Device\Camera.h">
      <Filter>源文件\Device</Filter>
    </ClInclude>
    <ClInclude Include="Pattern\Observer.h">
      <Filter>源文件\Pattern</Filter>
    </ClInclude>
    <ClInclude Include="Pattern\Subject.h">
      <Filter>源文件\Pattern</Filter>
    </ClInclude>
    <ClInclude Include="File\RecordFileInfo.h">
      <Filter>源文件\File</Filter>
    </ClInclude>
    <ClInclude Include="Database\DBShadow.h">
      <Filter>源文件\Database</Filter>
    </ClInclude>
    <ClInclude Include="Database\sqlitewrapper.h">
      <Filter>源文件\Database</Filter>
    </ClInclude>
    <ClInclude Include="Pattern\MsgSquare.h">
      <Filter>源文件\Pattern</Filter>
    </ClInclude>
    <ClInclude Include="File\RecordFileButler.h">
      <Filter>源文件\File</Filter>
    </ClInclude>
    <ClInclude Include="UI\Wnd\MainWnd.h">
      <Filter>源文件\UI\Wnd</Filter>
    </ClInclude>
    <ClInclude Include="UI\Wnd\WallWnd.h">
      <Filter>源文件\UI\Wnd</Filter>
    </ClInclude>
    <ClInclude Include="UI\Control\AlarmLightUI.h">
      <Filter>源文件\UI\Control</Filter>
    </ClInclude>
    <ClInclude Include="UI\Control\AlarmVoiceListUI.h">
      <Filter>源文件\UI\Control</Filter>
    </ClInclude>
    <ClInclude Include="UI\Control\AlarmVoiceSwitchUI.h">
      <Filter>源文件\UI\Control</Filter>
    </ClInclude>
    <ClInclude Include="UI\Control\CameraSwitchUI.h">
      <Filter>源文件\UI\Control</Filter>
    </ClInclude>
    <ClInclude Include="UI\Control\MyEditUI.h">
      <Filter>源文件\UI\Control</Filter>
    </ClInclude>
    <ClInclude Include="UI\Control\MyLabelUI.h">
      <Filter>源文件\UI\Control</Filter>
    </ClInclude>
    <ClInclude Include="UI\Control\MyListUI.h">
      <Filter>源文件\UI\Control</Filter>
    </ClInclude>
    <ClInclude Include="UI\Control\MySliderUI.h">
      <Filter>源文件\UI\Control</Filter>
    </ClInclude>
    <ClInclude Include="UI\Control\ShipNameItemUI.h">
      <Filter>源文件\UI\Control</Filter>
    </ClInclude>
    <ClInclude Include="UI\Control\VideoListUI.h">
      <Filter>源文件\UI\Control</Filter>
    </ClInclude>
    <ClInclude Include="UI\Wnd\MsgWnd.h">
      <Filter>源文件\UI\Wnd</Filter>
    </ClInclude>
    <ClInclude Include="UI\Control\PopupMenuUI.h">
      <Filter>源文件\UI\Control</Filter>
    </ClInclude>
    <ClInclude Include="UI\Control\TimeButtonUI.h">
      <Filter>源文件\UI\Control</Filter>
    </ClInclude>
    <ClInclude Include="UI\Control\MenuItemUI.h">
      <Filter>源文件\UI\Control</Filter>
    </ClInclude>
    <ClInclude Include="UI\Control\KeyBoardUI.h">
      <Filter>源文件\UI\Control</Filter>
    </ClInclude>
    <ClInclude Include="UI\Wnd\MyMenuWnd.h">
      <Filter>源文件\UI\Wnd</Filter>
    </ClInclude>
  </ItemGroup>
  <ItemGroup>
    <ClCompile Include="ColdEye.cpp">
      <Filter>源文件</Filter>
    </ClCompile>
    <ClCompile Include="stdafx.cpp">
      <Filter>源文件</Filter>
    </ClCompile>
    <ClCompile Include="UI\Control\UISurface.cpp">
      <Filter>源文件\UI\Control</Filter>
    </ClCompile>
    <ClCompile Include="Device\Camera.cpp">
      <Filter>源文件\Device</Filter>
    </ClCompile>
    <ClCompile Include="Pattern\Observer.cpp">
      <Filter>源文件\Pattern</Filter>
    </ClCompile>
    <ClCompile Include="Pattern\Subject.cpp">
      <Filter>源文件\Pattern</Filter>
    </ClCompile>
    <ClCompile Include="File\RecordFileInfo.cpp">
      <Filter>源文件\File</Filter>
    </ClCompile>
    <ClCompile Include="Database\DBShadow.cpp">
      <Filter>源文件\Database</Filter>
    </ClCompile>
    <ClCompile Include="Database\SQLiteWrapper.cpp">
      <Filter>源文件\Database</Filter>
    </ClCompile>
    <ClCompile Include="Pattern\MsgSquare.cpp">
      <Filter>源文件\Pattern</Filter>
    </ClCompile>
    <ClCompile Include="File\RecordFileButler.cpp">
      <Filter>源文件\File</Filter>
    </ClCompile>
    <ClCompile Include="UI\Wnd\MainWnd.cpp">
      <Filter>源文件\UI\Wnd</Filter>
    </ClCompile>
    <ClCompile Include="UI\Wnd\WallWnd.cpp">
      <Filter>源文件\UI\Wnd</Filter>
    </ClCompile>
    <ClCompile Include="UI\Control\AlarmLightUI.cpp">
      <Filter>源文件\UI\Control</Filter>
    </ClCompile>
    <ClCompile Include="UI\Control\AlarmVoiceListUI.cpp">
      <Filter>源文件\UI\Control</Filter>
    </ClCompile>
    <ClCompile Include="UI\Control\AlarmVoiceSwitchUI.cpp">
      <Filter>源文件\UI\Control</Filter>
    </ClCompile>
    <ClCompile Include="UI\Control\CameraSwitchUI.cpp">
      <Filter>源文件\UI\Control</Filter>
    </ClCompile>
    <ClCompile Include="UI\Control\MyEditUI.cpp">
      <Filter>源文件\UI\Control</Filter>
    </ClCompile>
    <ClCompile Include="UI\Control\MyLabelUI.cpp">
      <Filter>源文件\UI\Control</Filter>
    </ClCompile>
    <ClCompile Include="UI\Control\MyListUI.cpp">
      <Filter>源文件\UI\Control</Filter>
    </ClCompile>
    <ClCompile Include="UI\Control\MySliderUI.cpp">
      <Filter>源文件\UI\Control</Filter>
    </ClCompile>
    <ClCompile Include="UI\Control\ShipNameItemUI.cpp">
      <Filter>源文件\UI\Control</Filter>
    </ClCompile>
    <ClCompile Include="UI\Control\VideoListUI.cpp">
      <Filter>源文件\UI\Control</Filter>
    </ClCompile>
    <ClCompile Include="UI\Wnd\MsgWnd.cpp">
      <Filter>源文件\UI\Wnd</Filter>
    </ClCompile>
    <ClCompile Include="UI\Control\PopupMenuUI.cpp">
      <Filter>源文件\UI\Control</Filter>
    </ClCompile>
    <ClCompile Include="UI\Control\TimeButtonUI.cpp">
      <Filter>源文件\UI\Control</Filter>
    </ClCompile>
    <ClCompile Include="UI\Control\MenuItemUI.cpp">
      <Filter>源文件\UI\Control</Filter>
    </ClCompile>
    <ClCompile Include="UI\Control\KeyBoardUI.cpp">
      <Filter>源文件\UI\Control</Filter>
    </ClCompile>
    <ClCompile Include="UI\Wnd\MyMenuWnd.cpp">
      <Filter>源文件\UI\Wnd</Filter>
    </ClCompile>
  </ItemGroup>
  <ItemGroup>
    <ResourceCompile Include="ColdEye.rc">
      <Filter>资源文件</Filter>
    </ResourceCompile>
  </ItemGroup>
  <ItemGroup>
    <None Include="res\ColdEye.rc2">
      <Filter>资源文件</Filter>
    </None>
  </ItemGroup>
  <ItemGroup>
    <Image Include="res\ColdEye.ico">
      <Filter>资源文件</Filter>
    </Image>
  </ItemGroup>
</Project>